
Microsoft Visual Studio Solution File, Format Version 12.00
# Visual Studio Version 17
VisualStudioVersion = 17.11.35222.181
MinimumVisualStudioVersion = 10.0.40219.1
Project("{FAE04EC0-301F-11D3-BF4B-00C04F79EFBC}") = "testingfirebasedb", "testingfirebasedb.csproj", "{43EAB44F-FBCB-4C47-89E0-80ED28FCE3F4}"
EndProject
Global
	GlobalSection(SolutionConfigurationPlatforms) = preSolution
		Debug|Any CPU = Debug|Any CPU
		Release|Any CPU = Release|Any CPU
	EndGlobalSection
	GlobalSection(ProjectConfigurationPlatforms) = postSolution
		{43EAB44F-FBCB-4C47-89E0-80ED28FCE3F4}.Debug|Any CPU.ActiveCfg = Debug|Any CPU
		{43EAB44F-FBCB-4C47-89E0-80ED28FCE3F4}.Debug|Any CPU.Build.0 = Debug|Any CPU
		{43EAB44F-FBCB-4C47-89E0-80ED28FCE3F4}.Release|Any CPU.ActiveCfg = Release|Any CPU
		{43EAB44F-FBCB-4C47-89E0-80ED28FCE3F4}.Release|Any CPU.Build.0 = Release|Any CPU
	EndGlobalSection
	GlobalSection(SolutionProperties) = preSolution
		HideSolutionNode = FALSE
	EndGlobalSection
	GlobalSection(ExtensibilityGlobals) = postSolution
		SolutionGuid = {587B1CF4-27B3-4A13-9014-A4B66F3C57C3}
	EndGlobalSection
EndGlobal
